// !$*UTF8*$!
{
	archiveVersion = 1;
	classes = {
	};
	objectVersion = 55;
	objects = {

/* Begin PBXBuildFile section */
		2DDDA58C285513EC006E93BF /* AcloConcurrencyApp.swift in Sources */ = {isa = PBXBuildFile; fileRef = 2DDDA58B285513EC006E93BF /* AcloConcurrencyApp.swift */; };
		2DDDA58E285513EC006E93BF /* ContentView.swift in Sources */ = {isa = PBXBuildFile; fileRef = 2DDDA58D285513EC006E93BF /* ContentView.swift */; };
		2DDDA590285513EE006E93BF /* Assets.xcassets in Resources */ = {isa = PBXBuildFile; fileRef = 2DDDA58F285513EE006E93BF /* Assets.xcassets */; };
		2DDDA593285513EE006E93BF /* Preview Assets.xcassets in Resources */ = {isa = PBXBuildFile; fileRef = 2DDDA592285513EE006E93BF /* Preview Assets.xcassets */; };
		2DDDA59D285513EE006E93BF /* AcloConcurrencyTests.swift in Sources */ = {isa = PBXBuildFile; fileRef = 2DDDA59C285513EE006E93BF /* AcloConcurrencyTests.swift */; };
		2DDDA5A7285513EE006E93BF /* AcloConcurrencyUITests.swift in Sources */ = {isa = PBXBuildFile; fileRef = 2DDDA5A6285513EE006E93BF /* AcloConcurrencyUITests.swift */; };
		2DDDA5A9285513EE006E93BF /* AcloConcurrencyUITestsLaunchTests.swift in Sources */ = {isa = PBXBuildFile; fileRef = 2DDDA5A8285513EE006E93BF /* AcloConcurrencyUITestsLaunchTests.swift */; };
/* End PBXBuildFile section */

/* Begin PBXContainerItemProxy section */
		2DDDA599285513EE006E93BF /* PBXContainerItemProxy */ = {
			isa = PBXContainerItemProxy;
			containerPortal = 2DDDA580285513EC006E93BF /* Project object */;
			proxyType = 1;
			remoteGlobalIDString = 2DDDA587285513EC006E93BF;
			remoteInfo = AcloConcurrency;
		};
		2DDDA5A3285513EE006E93BF /* PBXContainerItemProxy */ = {
			isa = PBXContainerItemProxy;
			containerPortal = 2DDDA580285513EC006E93BF /* Project object */;
			proxyType = 1;
			remoteGlobalIDString = 2DDDA587285513EC006E93BF;
			remoteInfo = AcloConcurrency;
		};
/* End PBXContainerItemProxy section */

/* Begin PBXFileReference section */
		2DDDA588285513EC006E93BF /* AcloConcurrency.app */ = {isa = PBXFileReference; explicitFileType = wrapper.application; includeInIndex = 0; path = AcloConcurrency.app; sourceTree = BUILT_PRODUCTS_DIR; };
		2DDDA58B285513EC006E93BF /* AcloConcurrencyApp.swift */ = {isa = PBXFileReference; lastKnownFileType = sourcecode.swift; path = AcloConcurrencyApp.swift; sourceTree = "<group>"; };
		2DDDA58D285513EC006E93BF /* ContentView.swift */ = {isa = PBXFileReference; lastKnownFileType = sourcecode.swift; path = ContentView.swift; sourceTree = "<group>"; };
		2DDDA58F285513EE006E93BF /* Assets.xcassets */ = {isa = PBXFileReference; lastKnownFileType = folder.assetcatalog; path = Assets.xcassets; sourceTree = "<group>"; };
		2DDDA592285513EE006E93BF /* Preview Assets.xcassets */ = {isa = PBXFileReference; lastKnownFileType = folder.assetcatalog; path = "Preview Assets.xcassets"; sourceTree = "<group>"; };
		2DDDA598285513EE006E93BF /* AcloConcurrencyTests.xctest */ = {isa = PBXFileReference; explicitFileType = wrapper.cfbundle; includeInIndex = 0; path = AcloConcurrencyTests.xctest; sourceTree = BUILT_PRODUCTS_DIR; };
		2DDDA59C285513EE006E93BF /* AcloConcurrencyTests.swift */ = {isa = PBXFileReference; lastKnownFileType = sourcecode.swift; path = AcloConcurrencyTests.swift; sourceTree = "<group>"; };
		2DDDA5A2285513EE006E93BF /* AcloConcurrencyUITests.xctest */ = {isa = PBXFileReference; explicitFileType = wrapper.cfbundle; includeInIndex = 0; path = AcloConcurrencyUITests.xctest; sourceTree = BUILT_PRODUCTS_DIR; };
		2DDDA5A6285513EE006E93BF /* AcloConcurrencyUITests.swift */ = {isa = PBXFileReference; lastKnownFileType = sourcecode.swift; path = AcloConcurrencyUITests.swift; sourceTree = "<group>"; };
		2DDDA5A8285513EE006E93BF /* AcloConcurrencyUITestsLaunchTests.swift */ = {isa = PBXFileReference; lastKnownFileType = sourcecode.swift; path = AcloConcurrencyUITestsLaunchTests.swift; sourceTree = "<group>"; };
/* End PBXFileReference section */

/* Begin PBXFrameworksBuildPhase section */
		2DDDA585285513EC006E93BF /* Frameworks */ = {
			isa = PBXFrameworksBuildPhase;
			buildActionMask = 2147483647;
			files = (
			);
			runOnlyForDeploymentPostprocessing = 0;
		};
		2DDDA595285513EE006E93BF /* Frameworks */ = {
			isa = PBXFrameworksBuildPhase;
			buildActionMask = 2147483647;
			files = (
			);
			runOnlyForDeploymentPostprocessing = 0;
		};
		2DDDA59F285513EE006E93BF /* Frameworks */ = {
			isa = PBXFrameworksBuildPhase;
			buildActionMask = 2147483647;
			files = (
			);
			runOnlyForDeploymentPostprocessing = 0;
		};
/* End PBXFrameworksBuildPhase section */

/* Begin PBXGroup section */
		2DDDA57F285513EC006E93BF = {
			isa = PBXGroup;
			children = (
				2DDDA58A285513EC006E93BF /* AcloConcurrency */,
				2DDDA59B285513EE006E93BF /* AcloConcurrencyTests */,
				2DDDA5A5285513EE006E93BF /* AcloConcurrencyUITests */,
				2DDDA589285513EC006E93BF /* Products */,
			);
			sourceTree = "<group>";
		};
		2DDDA589285513EC006E93BF /* Products */ = {
			isa = PBXGroup;
			children = (
				2DDDA588285513EC006E93BF /* AcloConcurrency.app */,
				2DDDA598285513EE006E93BF /* AcloConcurrencyTests.xctest */,
				2DDDA5A2285513EE006E93BF /* AcloConcurrencyUITests.xctest */,
			);
			name = Products;
			sourceTree = "<group>";
		};
		2DDDA58A285513EC006E93BF /* AcloConcurrency */ = {
			isa = PBXGroup;
			children = (
				2DDDA58B285513EC006E93BF /* AcloConcurrencyApp.swift */,
				2DDDA58D285513EC006E93BF /* ContentView.swift */,
				2DDDA58F285513EE006E93BF /* Assets.xcassets */,
				2DDDA591285513EE006E93BF /* Preview Content */,
			);
			path = AcloConcurrency;
			sourceTree = "<group>";
		};
		2DDDA591285513EE006E93BF /* Preview Content */ = {
			isa = PBXGroup;
			children = (
				2DDDA592285513EE006E93BF /* Preview Assets.xcassets */,
			);
			path = "Preview Content";
			sourceTree = "<group>";
		};
		2DDDA59B285513EE006E93BF /* AcloConcurrencyTests */ = {
			isa = PBXGroup;
			children = (
				2DDDA59C285513EE006E93BF /* AcloConcurrencyTests.swift */,
			);
			path = AcloConcurrencyTests;
			sourceTree = "<group>";
		};
		2DDDA5A5285513EE006E93BF /* AcloConcurrencyUITests */ = {
			isa = PBXGroup;
			children = (
				2DDDA5A6285513EE006E93BF /* AcloConcurrencyUITests.swift */,
				2DDDA5A8285513EE006E93BF /* AcloConcurrencyUITestsLaunchTests.swift */,
			);
			path = AcloConcurrencyUITests;
			sourceTree = "<group>";
		};
/* End PBXGroup section */

/* Begin PBXNativeTarget section */
		2DDDA587285513EC006E93BF /* AcloConcurrency */ = {
			isa = PBXNativeTarget;
			buildConfigurationList = 2DDDA5AC285513EE006E93BF /* Build configuration list for PBXNativeTarget "AcloConcurrency" */;
			buildPhases = (
				2DDDA584285513EC006E93BF /* Sources */,
				2DDDA585285513EC006E93BF /* Frameworks */,
				2DDDA586285513EC006E93BF /* Resources */,
			);
			buildRules = (
			);
			dependencies = (
			);
			name = AcloConcurrency;
			productName = AcloConcurrency;
			productReference = 2DDDA588285513EC006E93BF /* AcloConcurrency.app */;
			productType = "com.apple.product-type.application";
		};
		2DDDA597285513EE006E93BF /* AcloConcurrencyTests */ = {
			isa = PBXNativeTarget;
			buildConfigurationList = 2DDDA5AF285513EE006E93BF /* Build configuration list for PBXNativeTarget "AcloConcurrencyTests" */;
			buildPhases = (
				2DDDA594285513EE006E93BF /* Sources */,
				2DDDA595285513EE006E93BF /* Frameworks */,
				2DDDA596285513EE006E93BF /* Resources */,
			);
			buildRules = (
			);
			dependencies = (
				2DDDA59A285513EE006E93BF /* PBXTargetDependency */,
			);
			name = AcloConcurrencyTests;
			productName = AcloConcurrencyTests;
			productReference = 2DDDA598285513EE006E93BF /* AcloConcurrencyTests.xctest */;
			productType = "com.apple.product-type.bundle.unit-test";
		};
		2DDDA5A1285513EE006E93BF /* AcloConcurrencyUITests */ = {
			isa = PBXNativeTarget;
			buildConfigurationList = 2DDDA5B2285513EE006E93BF /* Build configuration list for PBXNativeTarget "AcloConcurrencyUITests" */;
			buildPhases = (
				2DDDA59E285513EE006E93BF /* Sources */,
				2DDDA59F285513EE006E93BF /* Frameworks */,
				2DDDA5A0285513EE006E93BF /* Resources */,
			);
			buildRules = (
			);
			dependencies = (
				2DDDA5A4285513EE006E93BF /* PBXTargetDependency */,
			);
			name = AcloConcurrencyUITests;
			productName = AcloConcurrencyUITests;
			productReference = 2DDDA5A2285513EE006E93BF /* AcloConcurrencyUITests.xctest */;
			productType = "com.apple.product-type.bundle.ui-testing";
		};
/* End PBXNativeTarget section */

/* Begin PBXProject section */
		2DDDA580285513EC006E93BF /* Project object */ = {
			isa = PBXProject;
			attributes = {
				BuildIndependentTargetsInParallel = 1;
				LastSwiftUpdateCheck = 1340;
				LastUpgradeCheck = 1340;
				TargetAttributes = {
					2DDDA587285513EC006E93BF = {
						CreatedOnToolsVersion = 13.4;
					};
					2DDDA597285513EE006E93BF = {
						CreatedOnToolsVersion = 13.4;
						TestTargetID = 2DDDA587285513EC006E93BF;
					};
					2DDDA5A1285513EE006E93BF = {
						CreatedOnToolsVersion = 13.4;
						TestTargetID = 2DDDA587285513EC006E93BF;
					};
				};
			};
			buildConfigurationList = 2DDDA583285513EC006E93BF /* Build configuration list for PBXProject "AcloConcurrency" */;
			compatibilityVersion = "Xcode 13.0";
			developmentRegion = en;
			hasScannedForEncodings = 0;
			knownRegions = (
				en,
				Base,
			);
			mainGroup = 2DDDA57F285513EC006E93BF;
			productRefGroup = 2DDDA589285513EC006E93BF /* Products */;
			projectDirPath = "";
			projectRoot = "";
			targets = (
				2DDDA587285513EC006E93BF /* AcloConcurrency */,
				2DDDA597285513EE006E93BF /* AcloConcurrencyTests */,
				2DDDA5A1285513EE006E93BF /* AcloConcurrencyUITests */,
			);
		};
/* End PBXProject section */

/* Begin PBXResourcesBuildPhase section */
		2DDDA586285513EC006E93BF /* Resources */ = {
			isa = PBXResourcesBuildPhase;
			buildActionMask = 2147483647;
			files = (
				2DDDA593285513EE006E93BF /* Preview Assets.xcassets in Resources */,
				2DDDA590285513EE006E93BF /* Assets.xcassets in Resources */,
			);
			runOnlyForDeploymentPostprocessing = 0;
		};
		2DDDA596285513EE006E93BF /* Resources */ = {
			isa = PBXResourcesBuildPhase;
			buildActionMask = 2147483647;
			files = (
			);
			runOnlyForDeploymentPostprocessing = 0;
		};
		2DDDA5A0285513EE006E93BF /* Resources */ = {
			isa = PBXResourcesBuildPhase;
			buildActionMask = 2147483647;
			files = (
			);
			runOnlyForDeploymentPostprocessing = 0;
		};
/* End PBXResourcesBuildPhase section */

/* Begin PBXSourcesBuildPhase section */
		2DDDA584285513EC006E93BF /* Sources */ = {
			isa = PBXSourcesBuildPhase;
			buildActionMask = 2147483647;
			files = (
				2DDDA58E285513EC006E93BF /* ContentView.swift in Sources */,
				2DDDA58C285513EC006E93BF /* AcloConcurrencyApp.swift in Sources */,
			);
			runOnlyForDeploymentPostprocessing = 0;
		};
		2DDDA594285513EE006E93BF /* Sources */ = {
			isa = PBXSourcesBuildPhase;
			buildActionMask = 2147483647;
			files = (
				2DDDA59D285513EE006E93BF /* AcloConcurrencyTests.swift in Sources */,
			);
			runOnlyForDeploymentPostprocessing = 0;
		};
		2DDDA59E285513EE006E93BF /* Sources */ = {
			isa = PBXSourcesBuildPhase;
			buildActionMask = 2147483647;
			files = (
				2DDDA5A7285513EE006E93BF /* AcloConcurrencyUITests.swift in Sources */,
				2DDDA5A9285513EE006E93BF /* AcloConcurrencyUITestsLaunchTests.swift in Sources */,
			);
			runOnlyForDeploymentPostprocessing = 0;
		};
/* End PBXSourcesBuildPhase section */

/* Begin PBXTargetDependency section */
		2DDDA59A285513EE006E93BF /* PBXTargetDependency */ = {
			isa = PBXTargetDependency;
			target = 2DDDA587285513EC006E93BF /* AcloConcurrency */;
			targetProxy = 2DDDA599285513EE006E93BF /* PBXContainerItemProxy */;
		};
		2DDDA5A4285513EE006E93BF /* PBXTargetDependency */ = {
			isa = PBXTargetDependency;
			target = 2DDDA587285513EC006E93BF /* AcloConcurrency */;
			targetProxy = 2DDDA5A3285513EE006E93BF /* PBXContainerItemProxy */;
		};
/* End PBXTargetDependency section */

/* Begin XCBuildConfiguration section */
		2DDDA5AA285513EE006E93BF /* Debug */ = {
			isa = XCBuildConfiguration;
			buildSettings = {
				ALWAYS_SEARCH_USER_PATHS = NO;
				CLANG_ANALYZER_NONNULL = YES;
				CLANG_ANALYZER_NUMBER_OBJECT_CONVERSION = YES_AGGRESSIVE;
				CLANG_CXX_LANGUAGE_STANDARD = "gnu++17";
				CLANG_ENABLE_MODULES = YES;
				CLANG_ENABLE_OBJC_ARC = YES;
				CLANG_ENABLE_OBJC_WEAK = YES;
				CLANG_WARN_BLOCK_CAPTURE_AUTORELEASING = YES;
				CLANG_WARN_BOOL_CONVERSION = YES;
				CLANG_WARN_COMMA = YES;
				CLANG_WARN_CONSTANT_CONVERSION = YES;
				CLANG_WARN_DEPRECATED_OBJC_IMPLEMENTATIONS = YES;
				CLANG_WARN_DIRECT_OBJC_ISA_USAGE = YES_ERROR;
				CLANG_WARN_DOCUMENTATION_COMMENTS = YES;
				CLANG_WARN_EMPTY_BODY = YES;
				CLANG_WARN_ENUM_CONVERSION = YES;
				CLANG_WARN_INFINITE_RECURSION = YES;
				CLANG_WARN_INT_CONVERSION = YES;
				CLANG_WARN_NON_LITERAL_NULL_CONVERSION = YES;
				CLANG_WARN_OBJC_IMPLICIT_RETAIN_SELF = YES;
				CLANG_WARN_OBJC_LITERAL_CONVERSION = YES;
				CLANG_WARN_OBJC_ROOT_CLASS = YES_ERROR;
				CLANG_WARN_QUOTED_INCLUDE_IN_FRAMEWORK_HEADER = YES;
				CLANG_WARN_RANGE_LOOP_ANALYSIS = YES;
				CLANG_WARN_STRICT_PROTOTYPES = YES;
				CLANG_WARN_SUSPICIOUS_MOVE = YES;
				CLANG_WARN_UNGUARDED_AVAILABILITY = YES_AGGRESSIVE;
				CLANG_WARN_UNREACHABLE_CODE = YES;
				CLANG_WARN__DUPLICATE_METHOD_MATCH = YES;
				COPY_PHASE_STRIP = NO;
				DEBUG_INFORMATION_FORMAT = dwarf;
				ENABLE_STRICT_OBJC_MSGSEND = YES;
				ENABLE_TESTABILITY = YES;
				GCC_C_LANGUAGE_STANDARD = gnu11;
				GCC_DYNAMIC_NO_PIC = NO;
				GCC_NO_COMMON_BLOCKS = YES;
				GCC_OPTIMIZATION_LEVEL = 0;
				GCC_PREPROCESSOR_DEFINITIONS = (
					"DEBUG=1",
					"$(inherited)",
				);
				GCC_WARN_64_TO_32_BIT_CONVERSION = YES;
				GCC_WARN_ABOUT_RETURN_TYPE = YES_ERROR;
				GCC_WARN_UNDECLARED_SELECTOR = YES;
				GCC_WARN_UNINITIALIZED_AUTOS = YES_AGGRESSIVE;
				GCC_WARN_UNUSED_FUNCTION = YES;
				GCC_WARN_UNUSED_VARIABLE = YES;
				IPHONEOS_DEPLOYMENT_TARGET = 15.5;
				MTL_ENABLE_DEBUG_INFO = INCLUDE_SOURCE;
				MTL_FAST_MATH = YES;
				ONLY_ACTIVE_ARCH = YES;
				SDKROOT = iphoneos;
				SWIFT_ACTIVE_COMPILATION_CONDITIONS = DEBUG;
				SWIFT_OPTIMIZATION_LEVEL = "-Onone";
			};
			name = Debug;
		};
		2DDDA5AB285513EE006E93BF /* Release */ = {
			isa = XCBuildConfiguration;
			buildSettings = {
				ALWAYS_SEARCH_USER_PATHS = NO;
				CLANG_ANALYZER_NONNULL = YES;
				CLANG_ANALYZER_NUMBER_OBJECT_CONVERSION = YES_AGGRESSIVE;
				CLANG_CXX_LANGUAGE_STANDARD = "gnu++17";
				CLANG_ENABLE_MODULES = YES;
				CLANG_ENABLE_OBJC_ARC = YES;
				CLANG_ENABLE_OBJC_WEAK = YES;
				CLANG_WARN_BLOCK_CAPTURE_AUTORELEASING = YES;
				CLANG_WARN_BOOL_CONVERSION = YES;
				CLANG_WARN_COMMA = YES;
				CLANG_WARN_CONSTANT_CONVERSION = YES;
				CLANG_WARN_DEPRECATED_OBJC_IMPLEMENTATIONS = YES;
				CLANG_WARN_DIRECT_OBJC_ISA_USAGE = YES_ERROR;
				CLANG_WARN_DOCUMENTATION_COMMENTS = YES;
				CLANG_WARN_EMPTY_BODY = YES;
				CLANG_WARN_ENUM_CONVERSION = YES;
				CLANG_WARN_INFINITE_RECURSION = YES;
				CLANG_WARN_INT_CONVERSION = YES;
				CLANG_WARN_NON_LITERAL_NULL_CONVERSION = YES;
				CLANG_WARN_OBJC_IMPLICIT_RETAIN_SELF = YES;
				CLANG_WARN_OBJC_LITERAL_CONVERSION = YES;
				CLANG_WARN_OBJC_ROOT_CLASS = YES_ERROR;
				CLANG_WARN_QUOTED_INCLUDE_IN_FRAMEWORK_HEADER = YES;
				CLANG_WARN_RANGE_LOOP_ANALYSIS = YES;
				CLANG_WARN_STRICT_PROTOTYPES = YES;
				CLANG_WARN_SUSPICIOUS_MOVE = YES;
				CLANG_WARN_UNGUARDED_AVAILABILITY = YES_AGGRESSIVE;
				CLANG_WARN_UNREACHABLE_CODE = YES;
				CLANG_WARN__DUPLICATE_METHOD_MATCH = YES;
				COPY_PHASE_STRIP = NO;
				DEBUG_INFORMATION_FORMAT = "dwarf-with-dsym";
				ENABLE_NS_ASSERTIONS = NO;
				ENABLE_STRICT_OBJC_MSGSEND = YES;
				GCC_C_LANGUAGE_STANDARD = gnu11;
				GCC_NO_COMMON_BLOCKS = YES;
				GCC_WARN_64_TO_32_BIT_CONVERSION = YES;
				GCC_WARN_ABOUT_RETURN_TYPE = YES_ERROR;
				GCC_WARN_UNDECLARED_SELECTOR = YES;
				GCC_WARN_UNINITIALIZED_AUTOS = YES_AGGRESSIVE;
				GCC_WARN_UNUSED_FUNCTION = YES;
				GCC_WARN_UNUSED_VARIABLE = YES;
				IPHONEOS_DEPLOYMENT_TARGET = 15.5;
				MTL_ENABLE_DEBUG_INFO = NO;
				MTL_FAST_MATH = YES;
				SDKROOT = iphoneos;
				SWIFT_COMPILATION_MODE = wholemodule;
				SWIFT_OPTIMIZATION_LEVEL = "-O";
				VALIDATE_PRODUCT = YES;
			};
			name = Release;
		};
		2DDDA5AD285513EE006E93BF /* Debug */ = {
			isa = XCBuildConfiguration;
			buildSettings = {
				ASSETCATALOG_COMPILER_APPICON_NAME = AppIcon;
				ASSETCATALOG_COMPILER_GLOBAL_ACCENT_COLOR_NAME = AccentColor;
				CODE_SIGN_STYLE = Automatic;
				CURRENT_PROJECT_VERSION = 1;
				DEVELOPMENT_ASSET_PATHS = "\"AcloConcurrency/Preview Content\"";
				ENABLE_PREVIEWS = YES;
				GENERATE_INFOPLIST_FILE = YES;
				INFOPLIST_KEY_UIApplicationSceneManifest_Generation = YES;
				INFOPLIST_KEY_UIApplicationSupportsIndirectInputEvents = YES;
				INFOPLIST_KEY_UILaunchScreen_Generation = YES;
				INFOPLIST_KEY_UISupportedInterfaceOrientations_iPad = "UIInterfaceOrientationPortrait UIInterfaceOrientationPortraitUpsideDown UIInterfaceOrientationLandscapeLeft UIInterfaceOrientationLandscapeRight";
				INFOPLIST_KEY_UISupportedInterfaceOrientations_iPhone = "UIInterfaceOrientationPortrait UIInterfaceOrientationLandscapeLeft UIInterfaceOrientationLandscapeRight";
				LD_RUNPATH_SEARCH_PATHS = (
					"$(inherited)",
					"@executable_path/Frameworks",
				);
				MARKETING_VERSION = 1.0;
				PRODUCT_BUNDLE_IDENTIFIER = dmikots.AcloConcurrency;
				PRODUCT_NAME = "$(TARGET_NAME)";
				SWIFT_EMIT_LOC_STRINGS = YES;
				SWIFT_VERSION = 5.0;
				TARGETED_DEVICE_FAMILY = "1,2";
			};
			name = Debug;
		};
		2DDDA5AE285513EE006E93BF /* Release */ = {
			isa = XCBuildConfiguration;
			buildSettings = {
				ASSETCATALOG_COMPILER_APPICON_NAME = AppIcon;
				ASSETCATALOG_COMPILER_GLOBAL_ACCENT_COLOR_NAME = AccentColor;
				CODE_SIGN_STYLE = Automatic;
				CURRENT_PROJECT_VERSION = 1;
				DEVELOPMENT_ASSET_PATHS = "\"AcloConcurrency/Preview Content\"";
				ENABLE_PREVIEWS = YES;
				GENERATE_INFOPLIST_FILE = YES;
				INFOPLIST_KEY_UIApplicationSceneManifest_Generation = YES;
				INFOPLIST_KEY_UIApplicationSupportsIndirectInputEvents = YES;
				INFOPLIST_KEY_UILaunchScreen_Generation = YES;
				INFOPLIST_KEY_UISupportedInterfaceOrientations_iPad = "UIInterfaceOrientationPortrait UIInterfaceOrientationPortraitUpsideDown UIInterfaceOrientationLandscapeLeft UIInterfaceOrientationLandscapeRight";
				INFOPLIST_KEY_UISupportedInterfaceOrientations_iPhone = "UIInterfaceOrientationPortrait UIInterfaceOrientationLandscapeLeft UIInterfaceOrientationLandscapeRight";
				LD_RUNPATH_SEARCH_PATHS = (
					"$(inherited)",
					"@executable_path/Frameworks",
				);
				MARKETING_VERSION = 1.0;
				PRODUCT_BUNDLE_IDENTIFIER = dmikots.AcloConcurrency;
				PRODUCT_NAME = "$(TARGET_NAME)";
				SWIFT_EMIT_LOC_STRINGS = YES;
				SWIFT_VERSION = 5.0;
				TARGETED_DEVICE_FAMILY = "1,2";
			};
			name = Release;
		};
		2DDDA5B0285513EE006E93BF /* Debug */ = {
			isa = XCBuildConfiguration;
			buildSettings = {
				ALWAYS_EMBED_SWIFT_STANDARD_LIBRARIES = YES;
				BUNDLE_LOADER = "$(TEST_HOST)";
				CODE_SIGN_STYLE = Automatic;
				CURRENT_PROJECT_VERSION = 1;
				GENERATE_INFOPLIST_FILE = YES;
				IPHONEOS_DEPLOYMENT_TARGET = 15.5;
				MARKETING_VERSION = 1.0;
				PRODUCT_BUNDLE_IDENTIFIER = dmikots.AcloConcurrencyTests;
				PRODUCT_NAME = "$(TARGET_NAME)";
				SWIFT_EMIT_LOC_STRINGS = NO;
				SWIFT_VERSION = 5.0;
				TARGETED_DEVICE_FAMILY = "1,2";
				TEST_HOST = "$(BUILT_PRODUCTS_DIR)/AcloConcurrency.app/AcloConcurrency";
			};
			name = Debug;
		};
		2DDDA5B1285513EE006E93BF /* Release */ = {
			isa = XCBuildConfiguration;
			buildSettings = {
				ALWAYS_EMBED_SWIFT_STANDARD_LIBRARIES = YES;
				BUNDLE_LOADER = "$(TEST_HOST)";
				CODE_SIGN_STYLE = Automatic;
				CURRENT_PROJECT_VERSION = 1;
				GENERATE_INFOPLIST_FILE = YES;
				IPHONEOS_DEPLOYMENT_TARGET = 15.5;
				MARKETING_VERSION = 1.0;
				PRODUCT_BUNDLE_IDENTIFIER = dmikots.AcloConcurrencyTests;
				PRODUCT_NAME = "$(TARGET_NAME)";
				SWIFT_EMIT_LOC_STRINGS = NO;
				SWIFT_VERSION = 5.0;
				TARGETED_DEVICE_FAMILY = "1,2";
				TEST_HOST = "$(BUILT_PRODUCTS_DIR)/AcloConcurrency.app/AcloConcurrency";
			};
			name = Release;
		};
		2DDDA5B3285513EE006E93BF /* Debug */ = {
			isa = XCBuildConfiguration;
			buildSettings = {
				ALWAYS_EMBED_SWIFT_STANDARD_LIBRARIES = YES;
				CODE_SIGN_STYLE = Automatic;
				CURRENT_PROJECT_VERSION = 1;
				GENERATE_INFOPLIST_FILE = YES;
				MARKETING_VERSION = 1.0;
				PRODUCT_BUNDLE_IDENTIFIER = dmikots.AcloConcurrencyUITests;
				PRODUCT_NAME = "$(TARGET_NAME)";
				SWIFT_EMIT_LOC_STRINGS = NO;
				SWIFT_VERSION = 5.0;
				TARGETED_DEVICE_FAMILY = "1,2";
				TEST_TARGET_NAME = AcloConcurrency;
			};
			name = Debug;
		};
		2DDDA5B4285513EE006E93BF /* Release */ = {
			isa = XCBuildConfiguration;
			buildSettings = {
				ALWAYS_EMBED_SWIFT_STANDARD_LIBRARIES = YES;
				CODE_SIGN_STYLE = Automatic;
				CURRENT_PROJECT_VERSION = 1;
				GENERATE_INFOPLIST_FILE = YES;
				MARKETING_VERSION = 1.0;
				PRODUCT_BUNDLE_IDENTIFIER = dmikots.AcloConcurrencyUITests;
				PRODUCT_NAME = "$(TARGET_NAME)";
				SWIFT_EMIT_LOC_STRINGS = NO;
				SWIFT_VERSION = 5.0;
				TARGETED_DEVICE_FAMILY = "1,2";
				TEST_TARGET_NAME = AcloConcurrency;
			};
			name = Release;
		};
/* End XCBuildConfiguration section */

/* Begin XCConfigurationList section */
		2DDDA583285513EC006E93BF /* Build configuration list for PBXProject "AcloConcurrency" */ = {
			isa = XCConfigurationList;
			buildConfigurations = (
				2DDDA5AA285513EE006E93BF /* Debug */,
				2DDDA5AB285513EE006E93BF /* Release */,
			);
			defaultConfigurationIsVisible = 0;
			defaultConfigurationName = Release;
		};
		2DDDA5AC285513EE006E93BF /* Build configuration list for PBXNativeTarget "AcloConcurrency" */ = {
			isa = XCConfigurationList;
			buildConfigurations = (
				2DDDA5AD285513EE006E93BF /* Debug */,
				2DDDA5AE285513EE006E93BF /* Release */,
			);
			defaultConfigurationIsVisible = 0;
			defaultConfigurationName = Release;
		};
		2DDDA5AF285513EE006E93BF /* Build configuration list for PBXNativeTarget "AcloConcurrencyTests" */ = {
			isa = XCConfigurationList;
			buildConfigurations = (
				2DDDA5B0285513EE006E93BF /* Debug */,
				2DDDA5B1285513EE006E93BF /* Release */,
			);
			defaultConfigurationIsVisible = 0;
			defaultConfigurationName = Release;
		};
		2DDDA5B2285513EE006E93BF /* Build configuration list for PBXNativeTarget "AcloConcurrencyUITests" */ = {
			isa = XCConfigurationList;
			buildConfigurations = (
				2DDDA5B3285513EE006E93BF /* Debug */,
				2DDDA5B4285513EE006E93BF /* Release */,
			);
			defaultConfigurationIsVisible = 0;
			defaultConfigurationName = Release;
		};
/* End XCConfigurationList section */
	};
	rootObject = 2DDDA580285513EC006E93BF /* Project object */;
}
